// !$*UTF8*$!
{
	archiveVersion = 1;
	classes = {
	};
	objectVersion = 46;
	objects = {

/* Begin PBXBuildFile section */
		042C84371E76AA7100373A0F /* AppDelegate.swift in Sources */ = {isa = PBXBuildFile; fileRef = 042C84361E76AA7100373A0F /* AppDelegate.swift */; };
		042C84391E76AA7100373A0F /* ViewController.swift in Sources */ = {isa = PBXBuildFile; fileRef = 042C84381E76AA7100373A0F /* ViewController.swift */; };
		042C843C1E76AA7100373A0F /* Main.storyboard in Resources */ = {isa = PBXBuildFile; fileRef = 042C843A1E76AA7100373A0F /* Main.storyboard */; };
		042C843F1E76AA7100373A0F /* BulkRequest.xcdatamodeld in Sources */ = {isa = PBXBuildFile; fileRef = 042C843D1E76AA7100373A0F /* BulkRequest.xcdatamodeld */; };
		042C84411E76AA7100373A0F /* Assets.xcassets in Resources */ = {isa = PBXBuildFile; fileRef = 042C84401E76AA7100373A0F /* Assets.xcassets */; };
		042C84441E76AA7100373A0F /* LaunchScreen.storyboard in Resources */ = {isa = PBXBuildFile; fileRef = 042C84421E76AA7100373A0F /* LaunchScreen.storyboard */; };
		042C844D1E76AAA500373A0F /* MessageCell.swift in Sources */ = {isa = PBXBuildFile; fileRef = 042C844B1E76AAA500373A0F /* MessageCell.swift */; };
		042C844E1E76AAA500373A0F /* MessageCell.xib in Resources */ = {isa = PBXBuildFile; fileRef = 042C844C1E76AAA500373A0F /* MessageCell.xib */; };
		042C84501E76AAB100373A0F /* callAPI.swift in Sources */ = {isa = PBXBuildFile; fileRef = 042C844F1E76AAB100373A0F /* callAPI.swift */; };
		042C84521E76AB4300373A0F /* Constants.swift in Sources */ = {isa = PBXBuildFile; fileRef = 042C84511E76AB4300373A0F /* Constants.swift */; };
		3B8EC634E1597A553823DDF2 /* Pods_BulkRequest.framework in Frameworks */ = {isa = PBXBuildFile; fileRef = A798939588BBF788D2488E9B /* Pods_BulkRequest.framework */; };
/* End PBXBuildFile section */

/* Begin PBXFileReference section */
		042C84331E76AA7100373A0F /* BulkRequest.app */ = {isa = PBXFileReference; explicitFileType = wrapper.application; includeInIndex = 0; path = BulkRequest.app; sourceTree = BUILT_PRODUCTS_DIR; };
		042C84361E76AA7100373A0F /* AppDelegate.swift */ = {isa = PBXFileReference; lastKnownFileType = sourcecode.swift; path = AppDelegate.swift; sourceTree = "<group>"; };
		042C84381E76AA7100373A0F /* ViewController.swift */ = {isa = PBXFileReference; lastKnownFileType = sourcecode.swift; path = ViewController.swift; sourceTree = "<group>"; };
		042C843B1E76AA7100373A0F /* Base */ = {isa = PBXFileReference; lastKnownFileType = file.storyboard; name = Base; path = Base.lproj/Main.storyboard; sourceTree = "<group>"; };
		042C843E1E76AA7100373A0F /* BulkRequest.xcdatamodel */ = {isa = PBXFileReference; lastKnownFileType = wrapper.xcdatamodel; path = BulkRequest.xcdatamodel; sourceTree = "<group>"; };
		042C84401E76AA7100373A0F /* Assets.xcassets */ = {isa = PBXFileReference; lastKnownFileType = folder.assetcatalog; path = Assets.xcassets; sourceTree = "<group>"; };
		042C84431E76AA7100373A0F /* Base */ = {isa = PBXFileReference; lastKnownFileType = file.storyboard; name = Base; path = Base.lproj/LaunchScreen.storyboard; sourceTree = "<group>"; };
		042C84451E76AA7100373A0F /* Info.plist */ = {isa = PBXFileReference; lastKnownFileType = text.plist.xml; path = Info.plist; sourceTree = "<group>"; };
		042C844B1E76AAA500373A0F /* MessageCell.swift */ = {isa = PBXFileReference; fileEncoding = 4; lastKnownFileType = sourcecode.swift; path = MessageCell.swift; sourceTree = "<group>"; };
		042C844C1E76AAA500373A0F /* MessageCell.xib */ = {isa = PBXFileReference; fileEncoding = 4; lastKnownFileType = file.xib; path = MessageCell.xib; sourceTree = "<group>"; };
		042C844F1E76AAB100373A0F /* callAPI.swift */ = {isa = PBXFileReference; fileEncoding = 4; lastKnownFileType = sourcecode.swift; path = callAPI.swift; sourceTree = "<group>"; };
		042C84511E76AB4300373A0F /* Constants.swift */ = {isa = PBXFileReference; fileEncoding = 4; lastKnownFileType = sourcecode.swift; path = Constants.swift; sourceTree = "<group>"; };
		39D88E36FC097C88659C6E4A /* Pods-BulkRequest.debug.xcconfig */ = {isa = PBXFileReference; includeInIndex = 1; lastKnownFileType = text.xcconfig; name = "Pods-BulkRequest.debug.xcconfig"; path = "Pods/Target Support Files/Pods-BulkRequest/Pods-BulkRequest.debug.xcconfig"; sourceTree = "<group>"; };
		6C294BFDE058406D33536B9F /* Pods-BulkRequest.release.xcconfig */ = {isa = PBXFileReference; includeInIndex = 1; lastKnownFileType = text.xcconfig; name = "Pods-BulkRequest.release.xcconfig"; path = "Pods/Target Support Files/Pods-BulkRequest/Pods-BulkRequest.release.xcconfig"; sourceTree = "<group>"; };
		A798939588BBF788D2488E9B /* Pods_BulkRequest.framework */ = {isa = PBXFileReference; explicitFileType = wrapper.framework; includeInIndex = 0; path = Pods_BulkRequest.framework; sourceTree = BUILT_PRODUCTS_DIR; };
/* End PBXFileReference section */

/* Begin PBXFrameworksBuildPhase section */
		042C84301E76AA7100373A0F /* Frameworks */ = {
			isa = PBXFrameworksBuildPhase;
			buildActionMask = 2147483647;
			files = (
				3B8EC634E1597A553823DDF2 /* Pods_BulkRequest.framework in Frameworks */,
			);
			runOnlyForDeploymentPostprocessing = 0;
		};
/* End PBXFrameworksBuildPhase section */

/* Begin PBXGroup section */
		042C842A1E76AA7100373A0F = {
			isa = PBXGroup;
			children = (
				042C84351E76AA7100373A0F /* BulkRequest */,
				042C84341E76AA7100373A0F /* Products */,
				3CA8FD181AE7E2C5604A32AF /* Pods */,
				B91B6C09980B085774AA8421 /* Frameworks */,
			);
			sourceTree = "<group>";
		};
		042C84341E76AA7100373A0F /* Products */ = {
			isa = PBXGroup;
			children = (
				042C84331E76AA7100373A0F /* BulkRequest.app */,
			);
			name = Products;
			sourceTree = "<group>";
		};
		042C84351E76AA7100373A0F /* BulkRequest */ = {
			isa = PBXGroup;
			children = (
				042C84511E76AB4300373A0F /* Constants.swift */,
				042C844F1E76AAB100373A0F /* callAPI.swift */,
				042C844B1E76AAA500373A0F /* MessageCell.swift */,
				042C844C1E76AAA500373A0F /* MessageCell.xib */,
				042C84361E76AA7100373A0F /* AppDelegate.swift */,
				042C84381E76AA7100373A0F /* ViewController.swift */,
				042C843A1E76AA7100373A0F /* Main.storyboard */,
				042C84401E76AA7100373A0F /* Assets.xcassets */,
				042C84421E76AA7100373A0F /* LaunchScreen.storyboard */,
				042C84451E76AA7100373A0F /* Info.plist */,
				042C843D1E76AA7100373A0F /* BulkRequest.xcdatamodeld */,
			);
			path = BulkRequest;
			sourceTree = "<group>";
		};
		3CA8FD181AE7E2C5604A32AF /* Pods */ = {
			isa = PBXGroup;
			children = (
				39D88E36FC097C88659C6E4A /* Pods-BulkRequest.debug.xcconfig */,
				6C294BFDE058406D33536B9F /* Pods-BulkRequest.release.xcconfig */,
			);
			name = Pods;
			sourceTree = "<group>";
		};
		B91B6C09980B085774AA8421 /* Frameworks */ = {
			isa = PBXGroup;
			children = (
				A798939588BBF788D2488E9B /* Pods_BulkRequest.framework */,
			);
			name = Frameworks;
			sourceTree = "<group>";
		};
/* End PBXGroup section */

/* Begin PBXNativeTarget section */
		042C84321E76AA7100373A0F /* BulkRequest */ = {
			isa = PBXNativeTarget;
			buildConfigurationList = 042C84481E76AA7100373A0F /* Build configuration list for PBXNativeTarget "BulkRequest" */;
			buildPhases = (
				51CBBBF40B4E136456E05F50 /* [CP] Check Pods Manifest.lock */,
				042C842F1E76AA7100373A0F /* Sources */,
				042C84301E76AA7100373A0F /* Frameworks */,
				042C84311E76AA7100373A0F /* Resources */,
				C33976CBBB85C21250B7A238 /* [CP] Embed Pods Frameworks */,
				B1EAB3254BC5CCEC31C1937B /* [CP] Copy Pods Resources */,
			);
			buildRules = (
			);
			dependencies = (
			);
			name = BulkRequest;
			productName = BulkRequest;
			productReference = 042C84331E76AA7100373A0F /* BulkRequest.app */;
			productType = "com.apple.product-type.application";
		};
/* End PBXNativeTarget section */

/* Begin PBXProject section */
		042C842B1E76AA7100373A0F /* Project object */ = {
			isa = PBXProject;
			attributes = {
				LastSwiftUpdateCheck = 0820;
				LastUpgradeCheck = 0820;
				ORGANIZATIONNAME = Mac;
				TargetAttributes = {
					042C84321E76AA7100373A0F = {
						CreatedOnToolsVersion = 8.2.1;
						DevelopmentTeam = 9R2MSVE485;
						ProvisioningStyle = Automatic;
					};
				};
			};
			buildConfigurationList = 042C842E1E76AA7100373A0F /* Build configuration list for PBXProject "BulkRequest" */;
			compatibilityVersion = "Xcode 3.2";
			developmentRegion = English;
			hasScannedForEncodings = 0;
			knownRegions = (
				en,
				Base,
			);
			mainGroup = 042C842A1E76AA7100373A0F;
			productRefGroup = 042C84341E76AA7100373A0F /* Products */;
			projectDirPath = "";
			projectRoot = "";
			targets = (
				042C84321E76AA7100373A0F /* BulkRequest */,
			);
		};
/* End PBXProject section */

/* Begin PBXResourcesBuildPhase section */
		042C84311E76AA7100373A0F /* Resources */ = {
			isa = PBXResourcesBuildPhase;
			buildActionMask = 2147483647;
			files = (
				042C84441E76AA7100373A0F /* LaunchScreen.storyboard in Resources */,
				042C844E1E76AAA500373A0F /* MessageCell.xib in Resources */,
				042C84411E76AA7100373A0F /* Assets.xcassets in Resources */,
				042C843C1E76AA7100373A0F /* Main.storyboard in Resources */,
			);
			runOnlyForDeploymentPostprocessing = 0;
		};
/* End PBXResourcesBuildPhase section */

/* Begin PBXShellScriptBuildPhase section */
		51CBBBF40B4E136456E05F50 /* [CP] Check Pods Manifest.lock */ = {
			isa = PBXShellScriptBuildPhase;
			buildActionMask = 2147483647;
			files = (
			);
			inputPaths = (
			);
			name = "[CP] Check Pods Manifest.lock";
			outputPaths = (
			);
			runOnlyForDeploymentPostprocessing = 0;
			shellPath = /bin/sh;
			shellScript = "diff \"${PODS_ROOT}/../Podfile.lock\" \"${PODS_ROOT}/Manifest.lock\" > /dev/null\nif [ $? != 0 ] ; then\n    # print error to STDERR\n    echo \"error: The sandbox is not in sync with the Podfile.lock. Run 'pod install' or update your CocoaPods installation.\" >&2\n    exit 1\nfi\n";
			showEnvVarsInLog = 0;
		};
		B1EAB3254BC5CCEC31C1937B /* [CP] Copy Pods Resources */ = {
			isa = PBXShellScriptBuildPhase;
			buildActionMask = 2147483647;
			files = (
			);
			inputPaths = (
			);
			name = "[CP] Copy Pods Resources";
			outputPaths = (
			);
			runOnlyForDeploymentPostprocessing = 0;
			shellPath = /bin/sh;
			shellScript = "\"${SRCROOT}/Pods/Target Support Files/Pods-BulkRequest/Pods-BulkRequest-resources.sh\"\n";
			showEnvVarsInLog = 0;
		};
		C33976CBBB85C21250B7A238 /* [CP] Embed Pods Frameworks */ = {
			isa = PBXShellScriptBuildPhase;
			buildActionMask = 2147483647;
			files = (
			);
			inputPaths = (
			);
			name = "[CP] Embed Pods Frameworks";
			outputPaths = (
			);
			runOnlyForDeploymentPostprocessing = 0;
			shellPath = /bin/sh;
			shellScript = "\"${SRCROOT}/Pods/Target Support Files/Pods-BulkRequest/Pods-BulkRequest-frameworks.sh\"\n";
			showEnvVarsInLog = 0;
		};
/* End PBXShellScriptBuildPhase section */

/* Begin PBXSourcesBuildPhase section */
		042C842F1E76AA7100373A0F /* Sources */ = {
			isa = PBXSourcesBuildPhase;
			buildActionMask = 2147483647;
			files = (
				042C84391E76AA7100373A0F /* ViewController.swift in Sources */,
				042C844D1E76AAA500373A0F /* MessageCell.swift in Sources */,
				042C84501E76AAB100373A0F /* callAPI.swift in Sources */,
				042C843F1E76AA7100373A0F /* BulkRequest.xcdatamodeld in Sources */,
				042C84371E76AA7100373A0F /* AppDelegate.swift in Sources */,
				042C84521E76AB4300373A0F /* Constants.swift in Sources */,
			);
			runOnlyForDeploymentPostprocessing = 0;
		};
/* End PBXSourcesBuildPhase section */

/* Begin PBXVariantGroup section */
		042C843A1E76AA7100373A0F /* Main.storyboard */ = {
			isa = PBXVariantGroup;
			children = (
				042C843B1E76AA7100373A0F /* Base */,
			);
			name = Main.storyboard;
			sourceTree = "<group>";
		};
		042C84421E76AA7100373A0F /* LaunchScreen.storyboard */ = {
			isa = PBXVariantGroup;
			children = (
				042C84431E76AA7100373A0F /* Base */,
			);
			name = LaunchScreen.storyboard;
			sourceTree = "<group>";
		};
/* End PBXVariantGroup section */

/* Begin XCBuildConfiguration section */
		042C84461E76AA7100373A0F /* Debug */ = {
			isa = XCBuildConfiguration;
			buildSettings = {
				ALWAYS_SEARCH_USER_PATHS = NO;
				CLANG_ANALYZER_NONNULL = YES;
				CLANG_CXX_LANGUAGE_STANDARD = "gnu++0x";
				CLANG_CXX_LIBRARY = "libc++";
				CLANG_ENABLE_MODULES = YES;
				CLANG_ENABLE_OBJC_ARC = YES;
				CLANG_WARN_BOOL_CONVERSION = YES;
				CLANG_WARN_CONSTANT_CONVERSION = YES;
				CLANG_WARN_DIRECT_OBJC_ISA_USAGE = YES_ERROR;
				CLANG_WARN_DOCUMENTATION_COMMENTS = YES;
				CLANG_WARN_EMPTY_BODY = YES;
				CLANG_WARN_ENUM_CONVERSION = YES;
				CLANG_WARN_INFINITE_RECURSION = YES;
				CLANG_WARN_INT_CONVERSION = YES;
				CLANG_WARN_OBJC_ROOT_CLASS = YES_ERROR;
				CLANG_WARN_SUSPICIOUS_MOVE = YES;
				CLANG_WARN_UNREACHABLE_CODE = YES;
				CLANG_WARN__DUPLICATE_METHOD_MATCH = YES;
				"CODE_SIGN_IDENTITY[sdk=iphoneos*]" = "iPhone Developer";
				COPY_PHASE_STRIP = NO;
				DEBUG_INFORMATION_FORMAT = dwarf;
				ENABLE_STRICT_OBJC_MSGSEND = YES;
				ENABLE_TESTABILITY = YES;
				GCC_C_LANGUAGE_STANDARD = gnu99;
				GCC_DYNAMIC_NO_PIC = NO;
				GCC_NO_COMMON_BLOCKS = YES;
				GCC_OPTIMIZATION_LEVEL = 0;
				GCC_PREPROCESSOR_DEFINITIONS = (
					"DEBUG=1",
					"$(inherited)",
				);
				GCC_WARN_64_TO_32_BIT_CONVERSION = YES;
				GCC_WARN_ABOUT_RETURN_TYPE = YES_ERROR;
				GCC_WARN_UNDECLARED_SELECTOR = YES;
				GCC_WARN_UNINITIALIZED_AUTOS = YES_AGGRESSIVE;
				GCC_WARN_UNUSED_FUNCTION = YES;
				GCC_WARN_UNUSED_VARIABLE = YES;
				IPHONEOS_DEPLOYMENT_TARGET = 10.2;
				MTL_ENABLE_DEBUG_INFO = YES;
				ONLY_ACTIVE_ARCH = YES;
				SDKROOT = iphoneos;
				SWIFT_ACTIVE_COMPILATION_CONDITIONS = DEBUG;
				SWIFT_OPTIMIZATION_LEVEL = "-Onone";
			};
			name = Debug;
		};
		042C84471E76AA7100373A0F /* Release */ = {
			isa = XCBuildConfiguration;
			buildSettings = {
				ALWAYS_SEARCH_USER_PATHS = NO;
				CLANG_ANALYZER_NONNULL = YES;
				CLANG_CXX_LANGUAGE_STANDARD = "gnu++0x";
				CLANG_CXX_LIBRARY = "libc++";
				CLANG_ENABLE_MODULES = YES;
				CLANG_ENABLE_OBJC_ARC = YES;
				CLANG_WARN_BOOL_CONVERSION = YES;
				CLANG_WARN_CONSTANT_CONVERSION = YES;
				CLANG_WARN_DIRECT_OBJC_ISA_USAGE = YES_ERROR;
				CLANG_WARN_DOCUMENTATION_COMMENTS = YES;
				CLANG_WARN_EMPTY_BODY = YES;
				CLANG_WARN_ENUM_CONVERSION = YES;
				CLANG_WARN_INFINITE_RECURSION = YES;
				CLANG_WARN_INT_CONVERSION = YES;
				CLANG_WARN_OBJC_ROOT_CLASS = YES_ERROR;
				CLANG_WARN_SUSPICIOUS_MOVE = YES;
				CLANG_WARN_UNREACHABLE_CODE = YES;
				CLANG_WARN__DUPLICATE_METHOD_MATCH = YES;
				"CODE_SIGN_IDENTITY[sdk=iphoneos*]" = "iPhone Developer";
				COPY_PHASE_STRIP = NO;
				DEBUG_INFORMATION_FORMAT = "dwarf-with-dsym";
				ENABLE_NS_ASSERTIONS = NO;
				ENABLE_STRICT_OBJC_MSGSEND = YES;
				GCC_C_LANGUAGE_STANDARD = gnu99;
				GCC_NO_COMMON_BLOCKS = YES;
				GCC_WARN_64_TO_32_BIT_CONVERSION = YES;
				GCC_WARN_ABOUT_RETURN_TYPE = YES_ERROR;
				GCC_WARN_UNDECLARED_SELECTOR = YES;
				GCC_WARN_UNINITIALIZED_AUTOS = YES_AGGRESSIVE;
				GCC_WARN_UNUSED_FUNCTION = YES;
				GCC_WARN_UNUSED_VARIABLE = YES;
				IPHONEOS_DEPLOYMENT_TARGET = 10.2;
				MTL_ENABLE_DEBUG_INFO = NO;
				SDKROOT = iphoneos;
				SWIFT_OPTIMIZATION_LEVEL = "-Owholemodule";
				VALIDATE_PRODUCT = YES;
			};
			name = Release;
		};
		042C84491E76AA7100373A0F /* Debug */ = {
			isa = XCBuildConfiguration;
			baseConfigurationReference = 39D88E36FC097C88659C6E4A /* Pods-BulkRequest.debug.xcconfig */;
			buildSettings = {
				ASSETCATALOG_COMPILER_APPICON_NAME = AppIcon;
				DEVELOPMENT_TEAM = 9R2MSVE485;
				INFOPLIST_FILE = BulkRequest/Info.plist;
				LD_RUNPATH_SEARCH_PATHS = "$(inherited) @executable_path/Frameworks";
				PRODUCT_BUNDLE_IDENTIFIER = com.gph.BulkRequest;
				PRODUCT_NAME = "$(TARGET_NAME)";
				SWIFT_VERSION = 3.0;
			};
			name = Debug;
		};
		042C844A1E76AA7100373A0F /* Release */ = {
			isa = XCBuildConfiguration;
			baseConfigurationReference = 6C294BFDE058406D33536B9F /* Pods-BulkRequest.release.xcconfig */;
			buildSettings = {
				ASSETCATALOG_COMPILER_APPICON_NAME = AppIcon;
				DEVELOPMENT_TEAM = 9R2MSVE485;
				INFOPLIST_FILE = BulkRequest/Info.plist;
				LD_RUNPATH_SEARCH_PATHS = "$(inherited) @executable_path/Frameworks";
				PRODUCT_BUNDLE_IDENTIFIER = com.gph.BulkRequest;
				PRODUCT_NAME = "$(TARGET_NAME)";
				SWIFT_VERSION = 3.0;
			};
			name = Release;
		};
/* End XCBuildConfiguration section */

/* Begin XCConfigurationList section */
		042C842E1E76AA7100373A0F /* Build configuration list for PBXProject "BulkRequest" */ = {
			isa = XCConfigurationList;
			buildConfigurations = (
				042C84461E76AA7100373A0F /* Debug */,
				042C84471E76AA7100373A0F /* Release */,
			);
			defaultConfigurationIsVisible = 0;
			defaultConfigurationName = Release;
		};
		042C84481E76AA7100373A0F /* Build configuration list for PBXNativeTarget "BulkRequest" */ = {
			isa = XCConfigurationList;
			buildConfigurations = (
				042C84491E76AA7100373A0F /* Debug */,
				042C844A1E76AA7100373A0F /* Release */,
			);
			defaultConfigurationIsVisible = 0;
			defaultConfigurationName = Release;
		};
/* End XCConfigurationList section */

/* Begin XCVersionGroup section */
		042C843D1E76AA7100373A0F /* BulkRequest.xcdatamodeld */ = {
			isa = XCVersionGroup;
			children = (
				042C843E1E76AA7100373A0F /* BulkRequest.xcdatamodel */,
			);
			currentVersion = 042C843E1E76AA7100373A0F /* BulkRequest.xcdatamodel */;
			path = BulkRequest.xcdatamodeld;
			sourceTree = "<group>";
			versionGroupType = wrapper.xcdatamodel;
		};
/* End XCVersionGroup section */
	};
	rootObject = 042C842B1E76AA7100373A0F /* Project object */;
}
